
Microsoft Visual Studio Solution File, Format Version 12.00
# Visual Studio Version 16
VisualStudioVersion = 16.0.31424.327
MinimumVisualStudioVersion = 10.0.40219.1
Project("{FAE04EC0-301F-11D3-BF4B-00C04F79EFBC}") = "opacidad", "opacidad.csproj", "{7EB0BF3C-0E2A-49F0-BA12-D09F9DA88CBB}"
EndProject
Global
	GlobalSection(SolutionConfigurationPlatforms) = preSolution
		Debug|Any CPU = Debug|Any CPU
		Release|Any CPU = Release|Any CPU
	EndGlobalSection
	GlobalSection(ProjectConfigurationPlatforms) = postSolution
		{7EB0BF3C-0E2A-49F0-BA12-D09F9DA88CBB}.Debug|Any CPU.ActiveCfg = Debug|Any CPU
		{7EB0BF3C-0E2A-49F0-BA12-D09F9DA88CBB}.Debug|Any CPU.Build.0 = Debug|Any CPU
		{7EB0BF3C-0E2A-49F0-BA12-D09F9DA88CBB}.Release|Any CPU.ActiveCfg = Release|Any CPU
		{7EB0BF3C-0E2A-49F0-BA12-D09F9DA88CBB}.Release|Any CPU.Build.0 = Release|Any CPU
	EndGlobalSection
	GlobalSection(SolutionProperties) = preSolution
		HideSolutionNode = FALSE
	EndGlobalSection
	GlobalSection(ExtensibilityGlobals) = postSolution
		SolutionGuid = {30D534F5-2DCA-4280-AF34-4D75643C28C8}
	EndGlobalSection
EndGlobal
